github.com/jmirfield/stockbot/internal/util v0.0.0-20221106173210-56ada43e350f h1:B3pbapyKfo/1Q3WpB+mhN4Nr+/aryvsVcLfirWnkNyg=
github.com/jmirfield/stockbot/internal/util v0.0.0-20221106173210-56ada43e350f/go.mod h1:dq31MiKsBU9oEKKikJSgSklpZ5XqzcPUBj4NoNx98jY=
github.com/jmirfield/stockbot/pkg/stock v0.0.0-20221106173210-56ada43e350f h1:RMP6iHjjBgYF25g9KFqDHXu0439l0OxDwWb7IsygL+s=
github.com/jmirfield/stockbot/pkg/stock v0.0.0-20221106173210-56ada43e350f/go.mod h1:vVtly2u5loOm4youlOeuDI8De6hOvhGIJO22T6yh2do=
